
Microsoft Visual Studio Solution File, Format Version 12.00
# Visual Studio 14
VisualStudioVersion = 14.0.24720.0
MinimumVisualStudioVersion = 10.0.40219.1
Project("{FAE04EC0-301F-11D3-BF4B-00C04F79EFBC}") = "Model", "Model\Model.csproj", "{51C78C27-A343-4249-9E49-85075275E524}"
EndProject
Project("{2150E333-8FDC-42A3-9474-1A3956D46DE8}") = "Model", "Model", "{1637135A-012A-44B3-98D7-EAAD626885E8}"
EndProject
Project("{2150E333-8FDC-42A3-9474-1A3956D46DE8}") = "Model.Test", "Model.Test", "{DC51A4F9-7B8D-4963-A3D8-0AC26C2EE45B}"
EndProject
Project("{FAE04EC0-301F-11D3-BF4B-00C04F79EFBC}") = "Model.Test", "Model.Test\Model.Test.csproj", "{E033D054-D96D-4AB1-9978-0D1BF9AF14AA}"
EndProject
Project("{2150E333-8FDC-42A3-9474-1A3956D46DE8}") = "ConsoleExecution", "ConsoleExecution", "{AD151440-887B-4C71-9D48-26CBED3CC24E}"
EndProject
Project("{FAE04EC0-301F-11D3-BF4B-00C04F79EFBC}") = "ConsoleExecution", "ConsoleExecution\ConsoleExecution.csproj", "{7EA89DB9-E4DC-417B-B263-F9395B36C40B}"
EndProject
Project("{2150E333-8FDC-42A3-9474-1A3956D46DE8}") = "Presentation.Speech", "Presentation.Speech", "{FC22A2DE-CD20-4F1B-AF72-941C5D0AEC23}"
EndProject
Project("{FAE04EC0-301F-11D3-BF4B-00C04F79EFBC}") = "Speaking", "Speaking\Speaking.csproj", "{B8AE683D-EDB7-4BBD-8303-B1335E608071}"
EndProject
Project("{2150E333-8FDC-42A3-9474-1A3956D46DE8}") = "Presentation.Speech.Test", "Presentation.Speech.Test", "{CCF9C88B-41AB-4377-906A-AB195C96304D}"
EndProject
Project("{FAE04EC0-301F-11D3-BF4B-00C04F79EFBC}") = "Presentation.Speech.Test", "Presentation.Speech.Test\Presentation.Speech.Test.csproj", "{22BF5BD8-FB78-4B27-8D0D-6D5FA0FBBF2B}"
EndProject
Project("{FAE04EC0-301F-11D3-BF4B-00C04F79EFBC}") = "SpeechAssets", "SpeechAssets\SpeechAssets.csproj", "{84BF8212-48AE-4147-89E1-AEC3E27091B4}"
EndProject
Project("{FAE04EC0-301F-11D3-BF4B-00C04F79EFBC}") = "TestMahSpeech", "TestMahSpeech\TestMahSpeech.csproj", "{8FB34162-E5FC-4ECF-8974-EEC7F9472CB8}"
EndProject
Project("{2150E333-8FDC-42A3-9474-1A3956D46DE8}") = "StringUtilities", "StringUtilities", "{2AECCCC7-A6CF-43AD-8837-F9CDD8FAF29C}"
EndProject
Project("{FAE04EC0-301F-11D3-BF4B-00C04F79EFBC}") = "StringUtilities", "StringUtilities\StringUtilities.csproj", "{A6EFC40E-18B6-4FB9-867A-273929AA2C19}"
EndProject
Project("{2150E333-8FDC-42A3-9474-1A3956D46DE8}") = "StringUtilities.Test", "StringUtilities.Test", "{7F6624FC-8AF8-4E35-A176-826C984A2A57}"
EndProject
Project("{FAE04EC0-301F-11D3-BF4B-00C04F79EFBC}") = "StringUtilities.Test", "StringUtilities.Test\StringUtilities.Test.csproj", "{F7734F5F-B8EE-4692-A997-811F355DBDAF}"
EndProject
Project("{2150E333-8FDC-42A3-9474-1A3956D46DE8}") = "PlayedAudioNotes.Piano", "PlayedAudioNotes.Piano", "{EB27A1A6-3D9E-442B-9ACF-7A221697C944}"
	ProjectSection(SolutionItems) = preProject
		Presentation.Speech\PlayedAudioNotesPiano\A#3.wav = Presentation.Speech\PlayedAudioNotesPiano\A#3.wav
		Presentation.Speech\PlayedAudioNotesPiano\A#4.wav = Presentation.Speech\PlayedAudioNotesPiano\A#4.wav
		Presentation.Speech\PlayedAudioNotesPiano\A#5.wav = Presentation.Speech\PlayedAudioNotesPiano\A#5.wav
		Presentation.Speech\PlayedAudioNotesPiano\A3.wav = Presentation.Speech\PlayedAudioNotesPiano\A3.wav
		Presentation.Speech\PlayedAudioNotesPiano\A4.wav = Presentation.Speech\PlayedAudioNotesPiano\A4.wav
		Presentation.Speech\PlayedAudioNotesPiano\A5.wav = Presentation.Speech\PlayedAudioNotesPiano\A5.wav
		Presentation.Speech\PlayedAudioNotesPiano\B3.wav = Presentation.Speech\PlayedAudioNotesPiano\B3.wav
		Presentation.Speech\PlayedAudioNotesPiano\B4.wav = Presentation.Speech\PlayedAudioNotesPiano\B4.wav
		Presentation.Speech\PlayedAudioNotesPiano\B5.wav = Presentation.Speech\PlayedAudioNotesPiano\B5.wav
		Presentation.Speech\PlayedAudioNotesPiano\C#3.wav = Presentation.Speech\PlayedAudioNotesPiano\C#3.wav
		Presentation.Speech\PlayedAudioNotesPiano\C#4.wav = Presentation.Speech\PlayedAudioNotesPiano\C#4.wav
		Presentation.Speech\PlayedAudioNotesPiano\C#5.wav = Presentation.Speech\PlayedAudioNotesPiano\C#5.wav
		Presentation.Speech\PlayedAudioNotesPiano\C#6.wav = Presentation.Speech\PlayedAudioNotesPiano\C#6.wav
		Presentation.Speech\PlayedAudioNotesPiano\C3.wav = Presentation.Speech\PlayedAudioNotesPiano\C3.wav
		Presentation.Speech\PlayedAudioNotesPiano\C4.wav = Presentation.Speech\PlayedAudioNotesPiano\C4.wav
		Presentation.Speech\PlayedAudioNotesPiano\C5.wav = Presentation.Speech\PlayedAudioNotesPiano\C5.wav
		Presentation.Speech\PlayedAudioNotesPiano\C6.wav = Presentation.Speech\PlayedAudioNotesPiano\C6.wav
		Presentation.Speech\PlayedAudioNotesPiano\D#3.wav = Presentation.Speech\PlayedAudioNotesPiano\D#3.wav
		Presentation.Speech\PlayedAudioNotesPiano\D#4.wav = Presentation.Speech\PlayedAudioNotesPiano\D#4.wav
		Presentation.Speech\PlayedAudioNotesPiano\D#5.wav = Presentation.Speech\PlayedAudioNotesPiano\D#5.wav
		Presentation.Speech\PlayedAudioNotesPiano\D#6.wav = Presentation.Speech\PlayedAudioNotesPiano\D#6.wav
		Presentation.Speech\PlayedAudioNotesPiano\D3.wav = Presentation.Speech\PlayedAudioNotesPiano\D3.wav
		Presentation.Speech\PlayedAudioNotesPiano\D4.wav = Presentation.Speech\PlayedAudioNotesPiano\D4.wav
		Presentation.Speech\PlayedAudioNotesPiano\D5.wav = Presentation.Speech\PlayedAudioNotesPiano\D5.wav
		Presentation.Speech\PlayedAudioNotesPiano\D6.wav = Presentation.Speech\PlayedAudioNotesPiano\D6.wav
		Presentation.Speech\PlayedAudioNotesPiano\E3.wav = Presentation.Speech\PlayedAudioNotesPiano\E3.wav
		Presentation.Speech\PlayedAudioNotesPiano\E4.wav = Presentation.Speech\PlayedAudioNotesPiano\E4.wav
		Presentation.Speech\PlayedAudioNotesPiano\E5.wav = Presentation.Speech\PlayedAudioNotesPiano\E5.wav
		Presentation.Speech\PlayedAudioNotesPiano\E6.wav = Presentation.Speech\PlayedAudioNotesPiano\E6.wav
		Presentation.Speech\PlayedAudioNotesPiano\F#3.wav = Presentation.Speech\PlayedAudioNotesPiano\F#3.wav
		Presentation.Speech\PlayedAudioNotesPiano\F#4.wav = Presentation.Speech\PlayedAudioNotesPiano\F#4.wav
		Presentation.Speech\PlayedAudioNotesPiano\F#5.wav = Presentation.Speech\PlayedAudioNotesPiano\F#5.wav
		Presentation.Speech\PlayedAudioNotesPiano\F3.wav = Presentation.Speech\PlayedAudioNotesPiano\F3.wav
		Presentation.Speech\PlayedAudioNotesPiano\F4.wav = Presentation.Speech\PlayedAudioNotesPiano\F4.wav
		Presentation.Speech\PlayedAudioNotesPiano\F5.wav = Presentation.Speech\PlayedAudioNotesPiano\F5.wav
		Presentation.Speech\PlayedAudioNotesPiano\G#3.wav = Presentation.Speech\PlayedAudioNotesPiano\G#3.wav
		Presentation.Speech\PlayedAudioNotesPiano\G#4.wav = Presentation.Speech\PlayedAudioNotesPiano\G#4.wav
		Presentation.Speech\PlayedAudioNotesPiano\G#5.wav = Presentation.Speech\PlayedAudioNotesPiano\G#5.wav
		Presentation.Speech\PlayedAudioNotesPiano\G3.wav = Presentation.Speech\PlayedAudioNotesPiano\G3.wav
		Presentation.Speech\PlayedAudioNotesPiano\G4.wav = Presentation.Speech\PlayedAudioNotesPiano\G4.wav
		Presentation.Speech\PlayedAudioNotesPiano\G5.wav = Presentation.Speech\PlayedAudioNotesPiano\G5.wav
	EndProjectSection
EndProject
Project("{2150E333-8FDC-42A3-9474-1A3956D46DE8}") = "SpokenIntervals.Audio", "SpokenIntervals.Audio", "{AAF4CDE6-6B6C-40AF-B272-41CE63BF21C9}"
	ProjectSection(SolutionItems) = preProject
		Presentation.Speech\PlayedAudioNotesPiano\AugmentedFourth.wav = Presentation.Speech\PlayedAudioNotesPiano\AugmentedFourth.wav
		Presentation.Speech\PlayedAudioNotesPiano\AugmentedFourth2.wav = Presentation.Speech\PlayedAudioNotesPiano\AugmentedFourth2.wav
		Presentation.Speech\PlayedAudioNotesPiano\Descending.wav = Presentation.Speech\PlayedAudioNotesPiano\Descending.wav
		Presentation.Speech\PlayedAudioNotesPiano\MajorSecond.wav = Presentation.Speech\PlayedAudioNotesPiano\MajorSecond.wav
		Presentation.Speech\PlayedAudioNotesPiano\MajorSecond2.wav = Presentation.Speech\PlayedAudioNotesPiano\MajorSecond2.wav
		Presentation.Speech\PlayedAudioNotesPiano\MajorSeventh.wav = Presentation.Speech\PlayedAudioNotesPiano\MajorSeventh.wav
		Presentation.Speech\PlayedAudioNotesPiano\MajorSeventh2.wav = Presentation.Speech\PlayedAudioNotesPiano\MajorSeventh2.wav
		Presentation.Speech\PlayedAudioNotesPiano\MajorSixth.wav = Presentation.Speech\PlayedAudioNotesPiano\MajorSixth.wav
		Presentation.Speech\PlayedAudioNotesPiano\MajorSixth2.wav = Presentation.Speech\PlayedAudioNotesPiano\MajorSixth2.wav
		Presentation.Speech\PlayedAudioNotesPiano\MajorThird.wav = Presentation.Speech\PlayedAudioNotesPiano\MajorThird.wav
		Presentation.Speech\PlayedAudioNotesPiano\MajorThird2.wav = Presentation.Speech\PlayedAudioNotesPiano\MajorThird2.wav
		Presentation.Speech\PlayedAudioNotesPiano\MinorSecond.wav = Presentation.Speech\PlayedAudioNotesPiano\MinorSecond.wav
		Presentation.Speech\PlayedAudioNotesPiano\MinorSecond2.wav = Presentation.Speech\PlayedAudioNotesPiano\MinorSecond2.wav
		Presentation.Speech\PlayedAudioNotesPiano\MinorSeventh.wav = Presentation.Speech\PlayedAudioNotesPiano\MinorSeventh.wav
		Presentation.Speech\PlayedAudioNotesPiano\MinorSeventh2.wav = Presentation.Speech\PlayedAudioNotesPiano\MinorSeventh2.wav
		Presentation.Speech\PlayedAudioNotesPiano\MinorSixth.wav = Presentation.Speech\PlayedAudioNotesPiano\MinorSixth.wav
		Presentation.Speech\PlayedAudioNotesPiano\MinorSixth2.wav = Presentation.Speech\PlayedAudioNotesPiano\MinorSixth2.wav
		Presentation.Speech\PlayedAudioNotesPiano\MinorThird.wav = Presentation.Speech\PlayedAudioNotesPiano\MinorThird.wav
		Presentation.Speech\PlayedAudioNotesPiano\MinorThrid.wav = Presentation.Speech\PlayedAudioNotesPiano\MinorThrid.wav
		Presentation.Speech\PlayedAudioNotesPiano\Octave.wav = Presentation.Speech\PlayedAudioNotesPiano\Octave.wav
		Presentation.Speech\PlayedAudioNotesPiano\Octave2.wav = Presentation.Speech\PlayedAudioNotesPiano\Octave2.wav
		Presentation.Speech\PlayedAudioNotesPiano\PerfectFifth.wav = Presentation.Speech\PlayedAudioNotesPiano\PerfectFifth.wav
		Presentation.Speech\PlayedAudioNotesPiano\PerfectFifth2.wav = Presentation.Speech\PlayedAudioNotesPiano\PerfectFifth2.wav
		Presentation.Speech\PlayedAudioNotesPiano\PerfectFourth.wav = Presentation.Speech\PlayedAudioNotesPiano\PerfectFourth.wav
		Presentation.Speech\PlayedAudioNotesPiano\PerfectFourth2.wav = Presentation.Speech\PlayedAudioNotesPiano\PerfectFourth2.wav
	EndProjectSection
EndProject
Global
	GlobalSection(SolutionConfigurationPlatforms) = preSolution
		Debug|Any CPU = Debug|Any CPU
		Debug|ARM = Debug|ARM
		Debug|x64 = Debug|x64
		Debug|x86 = Debug|x86
		Release|Any CPU = Release|Any CPU
		Release|ARM = Release|ARM
		Release|x64 = Release|x64
		Release|x86 = Release|x86
	EndGlobalSection
	GlobalSection(ProjectConfigurationPlatforms) = postSolution
		{51C78C27-A343-4249-9E49-85075275E524}.Debug|Any CPU.ActiveCfg = Debug|Any CPU
		{51C78C27-A343-4249-9E49-85075275E524}.Debug|Any CPU.Build.0 = Debug|Any CPU
		{51C78C27-A343-4249-9E49-85075275E524}.Debug|ARM.ActiveCfg = Debug|Any CPU
		{51C78C27-A343-4249-9E49-85075275E524}.Debug|ARM.Build.0 = Debug|Any CPU
		{51C78C27-A343-4249-9E49-85075275E524}.Debug|x64.ActiveCfg = Debug|Any CPU
		{51C78C27-A343-4249-9E49-85075275E524}.Debug|x64.Build.0 = Debug|Any CPU
		{51C78C27-A343-4249-9E49-85075275E524}.Debug|x86.ActiveCfg = Debug|Any CPU
		{51C78C27-A343-4249-9E49-85075275E524}.Debug|x86.Build.0 = Debug|Any CPU
		{51C78C27-A343-4249-9E49-85075275E524}.Release|Any CPU.ActiveCfg = Release|Any CPU
		{51C78C27-A343-4249-9E49-85075275E524}.Release|Any CPU.Build.0 = Release|Any CPU
		{51C78C27-A343-4249-9E49-85075275E524}.Release|ARM.ActiveCfg = Release|Any CPU
		{51C78C27-A343-4249-9E49-85075275E524}.Release|ARM.Build.0 = Release|Any CPU
		{51C78C27-A343-4249-9E49-85075275E524}.Release|x64.ActiveCfg = Release|Any CPU
		{51C78C27-A343-4249-9E49-85075275E524}.Release|x64.Build.0 = Release|Any CPU
		{51C78C27-A343-4249-9E49-85075275E524}.Release|x86.ActiveCfg = Release|Any CPU
		{51C78C27-A343-4249-9E49-85075275E524}.Release|x86.Build.0 = Release|Any CPU
		{E033D054-D96D-4AB1-9978-0D1BF9AF14AA}.Debug|Any CPU.ActiveCfg = Debug|Any CPU
		{E033D054-D96D-4AB1-9978-0D1BF9AF14AA}.Debug|Any CPU.Build.0 = Debug|Any CPU
		{E033D054-D96D-4AB1-9978-0D1BF9AF14AA}.Debug|ARM.ActiveCfg = Debug|Any CPU
		{E033D054-D96D-4AB1-9978-0D1BF9AF14AA}.Debug|ARM.Build.0 = Debug|Any CPU
		{E033D054-D96D-4AB1-9978-0D1BF9AF14AA}.Debug|x64.ActiveCfg = Debug|Any CPU
		{E033D054-D96D-4AB1-9978-0D1BF9AF14AA}.Debug|x64.Build.0 = Debug|Any CPU
		{E033D054-D96D-4AB1-9978-0D1BF9AF14AA}.Debug|x86.ActiveCfg = Debug|Any CPU
		{E033D054-D96D-4AB1-9978-0D1BF9AF14AA}.Debug|x86.Build.0 = Debug|Any CPU
		{E033D054-D96D-4AB1-9978-0D1BF9AF14AA}.Release|Any CPU.ActiveCfg = Release|Any CPU
		{E033D054-D96D-4AB1-9978-0D1BF9AF14AA}.Release|Any CPU.Build.0 = Release|Any CPU
		{E033D054-D96D-4AB1-9978-0D1BF9AF14AA}.Release|ARM.ActiveCfg = Release|Any CPU
		{E033D054-D96D-4AB1-9978-0D1BF9AF14AA}.Release|ARM.Build.0 = Release|Any CPU
		{E033D054-D96D-4AB1-9978-0D1BF9AF14AA}.Release|x64.ActiveCfg = Release|Any CPU
		{E033D054-D96D-4AB1-9978-0D1BF9AF14AA}.Release|x64.Build.0 = Release|Any CPU
		{E033D054-D96D-4AB1-9978-0D1BF9AF14AA}.Release|x86.ActiveCfg = Release|Any CPU
		{E033D054-D96D-4AB1-9978-0D1BF9AF14AA}.Release|x86.Build.0 = Release|Any CPU
		{7EA89DB9-E4DC-417B-B263-F9395B36C40B}.Debug|Any CPU.ActiveCfg = Debug|Any CPU
		{7EA89DB9-E4DC-417B-B263-F9395B36C40B}.Debug|Any CPU.Build.0 = Debug|Any CPU
		{7EA89DB9-E4DC-417B-B263-F9395B36C40B}.Debug|ARM.ActiveCfg = Debug|Any CPU
		{7EA89DB9-E4DC-417B-B263-F9395B36C40B}.Debug|ARM.Build.0 = Debug|Any CPU
		{7EA89DB9-E4DC-417B-B263-F9395B36C40B}.Debug|x64.ActiveCfg = Debug|Any CPU
		{7EA89DB9-E4DC-417B-B263-F9395B36C40B}.Debug|x64.Build.0 = Debug|Any CPU
		{7EA89DB9-E4DC-417B-B263-F9395B36C40B}.Debug|x86.ActiveCfg = Debug|Any CPU
		{7EA89DB9-E4DC-417B-B263-F9395B36C40B}.Debug|x86.Build.0 = Debug|Any CPU
		{7EA89DB9-E4DC-417B-B263-F9395B36C40B}.Release|Any CPU.ActiveCfg = Release|Any CPU
		{7EA89DB9-E4DC-417B-B263-F9395B36C40B}.Release|Any CPU.Build.0 = Release|Any CPU
		{7EA89DB9-E4DC-417B-B263-F9395B36C40B}.Release|ARM.ActiveCfg = Release|Any CPU
		{7EA89DB9-E4DC-417B-B263-F9395B36C40B}.Release|ARM.Build.0 = Release|Any CPU
		{7EA89DB9-E4DC-417B-B263-F9395B36C40B}.Release|x64.ActiveCfg = Release|Any CPU
		{7EA89DB9-E4DC-417B-B263-F9395B36C40B}.Release|x64.Build.0 = Release|Any CPU
		{7EA89DB9-E4DC-417B-B263-F9395B36C40B}.Release|x86.ActiveCfg = Release|Any CPU
		{7EA89DB9-E4DC-417B-B263-F9395B36C40B}.Release|x86.Build.0 = Release|Any CPU
		{B8AE683D-EDB7-4BBD-8303-B1335E608071}.Debug|Any CPU.ActiveCfg = Debug|Any CPU
		{B8AE683D-EDB7-4BBD-8303-B1335E608071}.Debug|Any CPU.Build.0 = Debug|Any CPU
		{B8AE683D-EDB7-4BBD-8303-B1335E608071}.Debug|ARM.ActiveCfg = Debug|Any CPU
		{B8AE683D-EDB7-4BBD-8303-B1335E608071}.Debug|ARM.Build.0 = Debug|Any CPU
		{B8AE683D-EDB7-4BBD-8303-B1335E608071}.Debug|x64.ActiveCfg = Debug|Any CPU
		{B8AE683D-EDB7-4BBD-8303-B1335E608071}.Debug|x64.Build.0 = Debug|Any CPU
		{B8AE683D-EDB7-4BBD-8303-B1335E608071}.Debug|x86.ActiveCfg = Debug|Any CPU
		{B8AE683D-EDB7-4BBD-8303-B1335E608071}.Debug|x86.Build.0 = Debug|Any CPU
		{B8AE683D-EDB7-4BBD-8303-B1335E608071}.Release|Any CPU.ActiveCfg = Release|Any CPU
		{B8AE683D-EDB7-4BBD-8303-B1335E608071}.Release|Any CPU.Build.0 = Release|Any CPU
		{B8AE683D-EDB7-4BBD-8303-B1335E608071}.Release|ARM.ActiveCfg = Release|Any CPU
		{B8AE683D-EDB7-4BBD-8303-B1335E608071}.Release|ARM.Build.0 = Release|Any CPU
		{B8AE683D-EDB7-4BBD-8303-B1335E608071}.Release|x64.ActiveCfg = Release|Any CPU
		{B8AE683D-EDB7-4BBD-8303-B1335E608071}.Release|x64.Build.0 = Release|Any CPU
		{B8AE683D-EDB7-4BBD-8303-B1335E608071}.Release|x86.ActiveCfg = Release|Any CPU
		{B8AE683D-EDB7-4BBD-8303-B1335E608071}.Release|x86.Build.0 = Release|Any CPU
		{22BF5BD8-FB78-4B27-8D0D-6D5FA0FBBF2B}.Debug|Any CPU.ActiveCfg = Debug|Any CPU
		{22BF5BD8-FB78-4B27-8D0D-6D5FA0FBBF2B}.Debug|Any CPU.Build.0 = Debug|Any CPU
		{22BF5BD8-FB78-4B27-8D0D-6D5FA0FBBF2B}.Debug|ARM.ActiveCfg = Debug|Any CPU
		{22BF5BD8-FB78-4B27-8D0D-6D5FA0FBBF2B}.Debug|ARM.Build.0 = Debug|Any CPU
		{22BF5BD8-FB78-4B27-8D0D-6D5FA0FBBF2B}.Debug|x64.ActiveCfg = Debug|Any CPU
		{22BF5BD8-FB78-4B27-8D0D-6D5FA0FBBF2B}.Debug|x64.Build.0 = Debug|Any CPU
		{22BF5BD8-FB78-4B27-8D0D-6D5FA0FBBF2B}.Debug|x86.ActiveCfg = Debug|Any CPU
		{22BF5BD8-FB78-4B27-8D0D-6D5FA0FBBF2B}.Debug|x86.Build.0 = Debug|Any CPU
		{22BF5BD8-FB78-4B27-8D0D-6D5FA0FBBF2B}.Release|Any CPU.ActiveCfg = Release|Any CPU
		{22BF5BD8-FB78-4B27-8D0D-6D5FA0FBBF2B}.Release|Any CPU.Build.0 = Release|Any CPU
		{22BF5BD8-FB78-4B27-8D0D-6D5FA0FBBF2B}.Release|ARM.ActiveCfg = Release|Any CPU
		{22BF5BD8-FB78-4B27-8D0D-6D5FA0FBBF2B}.Release|ARM.Build.0 = Release|Any CPU
		{22BF5BD8-FB78-4B27-8D0D-6D5FA0FBBF2B}.Release|x64.ActiveCfg = Release|Any CPU
		{22BF5BD8-FB78-4B27-8D0D-6D5FA0FBBF2B}.Release|x64.Build.0 = Release|Any CPU
		{22BF5BD8-FB78-4B27-8D0D-6D5FA0FBBF2B}.Release|x86.ActiveCfg = Release|Any CPU
		{22BF5BD8-FB78-4B27-8D0D-6D5FA0FBBF2B}.Release|x86.Build.0 = Release|Any CPU
		{84BF8212-48AE-4147-89E1-AEC3E27091B4}.Debug|Any CPU.ActiveCfg = Debug|x86
		{84BF8212-48AE-4147-89E1-AEC3E27091B4}.Debug|ARM.ActiveCfg = Debug|ARM
		{84BF8212-48AE-4147-89E1-AEC3E27091B4}.Debug|ARM.Build.0 = Debug|ARM
		{84BF8212-48AE-4147-89E1-AEC3E27091B4}.Debug|ARM.Deploy.0 = Debug|ARM
		{84BF8212-48AE-4147-89E1-AEC3E27091B4}.Debug|x64.ActiveCfg = Debug|x64
		{84BF8212-48AE-4147-89E1-AEC3E27091B4}.Debug|x64.Build.0 = Debug|x64
		{84BF8212-48AE-4147-89E1-AEC3E27091B4}.Debug|x64.Deploy.0 = Debug|x64
		{84BF8212-48AE-4147-89E1-AEC3E27091B4}.Debug|x86.ActiveCfg = Debug|x86
		{84BF8212-48AE-4147-89E1-AEC3E27091B4}.Debug|x86.Build.0 = Debug|x86
		{84BF8212-48AE-4147-89E1-AEC3E27091B4}.Debug|x86.Deploy.0 = Debug|x86
		{84BF8212-48AE-4147-89E1-AEC3E27091B4}.Release|Any CPU.ActiveCfg = Release|x86
		{84BF8212-48AE-4147-89E1-AEC3E27091B4}.Release|ARM.ActiveCfg = Release|ARM
		{84BF8212-48AE-4147-89E1-AEC3E27091B4}.Release|ARM.Build.0 = Release|ARM
		{84BF8212-48AE-4147-89E1-AEC3E27091B4}.Release|ARM.Deploy.0 = Release|ARM
		{84BF8212-48AE-4147-89E1-AEC3E27091B4}.Release|x64.ActiveCfg = Release|x64
		{84BF8212-48AE-4147-89E1-AEC3E27091B4}.Release|x64.Build.0 = Release|x64
		{84BF8212-48AE-4147-89E1-AEC3E27091B4}.Release|x64.Deploy.0 = Release|x64
		{84BF8212-48AE-4147-89E1-AEC3E27091B4}.Release|x86.ActiveCfg = Release|x86
		{84BF8212-48AE-4147-89E1-AEC3E27091B4}.Release|x86.Build.0 = Release|x86
		{84BF8212-48AE-4147-89E1-AEC3E27091B4}.Release|x86.Deploy.0 = Release|x86
		{8FB34162-E5FC-4ECF-8974-EEC7F9472CB8}.Debug|Any CPU.ActiveCfg = Debug|x86
		{8FB34162-E5FC-4ECF-8974-EEC7F9472CB8}.Debug|ARM.ActiveCfg = Debug|ARM
		{8FB34162-E5FC-4ECF-8974-EEC7F9472CB8}.Debug|ARM.Build.0 = Debug|ARM
		{8FB34162-E5FC-4ECF-8974-EEC7F9472CB8}.Debug|ARM.Deploy.0 = Debug|ARM
		{8FB34162-E5FC-4ECF-8974-EEC7F9472CB8}.Debug|x64.ActiveCfg = Debug|x64
		{8FB34162-E5FC-4ECF-8974-EEC7F9472CB8}.Debug|x64.Build.0 = Debug|x64
		{8FB34162-E5FC-4ECF-8974-EEC7F9472CB8}.Debug|x64.Deploy.0 = Debug|x64
		{8FB34162-E5FC-4ECF-8974-EEC7F9472CB8}.Debug|x86.ActiveCfg = Debug|x86
		{8FB34162-E5FC-4ECF-8974-EEC7F9472CB8}.Debug|x86.Build.0 = Debug|x86
		{8FB34162-E5FC-4ECF-8974-EEC7F9472CB8}.Debug|x86.Deploy.0 = Debug|x86
		{8FB34162-E5FC-4ECF-8974-EEC7F9472CB8}.Release|Any CPU.ActiveCfg = Release|x86
		{8FB34162-E5FC-4ECF-8974-EEC7F9472CB8}.Release|ARM.ActiveCfg = Release|ARM
		{8FB34162-E5FC-4ECF-8974-EEC7F9472CB8}.Release|ARM.Build.0 = Release|ARM
		{8FB34162-E5FC-4ECF-8974-EEC7F9472CB8}.Release|ARM.Deploy.0 = Release|ARM
		{8FB34162-E5FC-4ECF-8974-EEC7F9472CB8}.Release|x64.ActiveCfg = Release|x64
		{8FB34162-E5FC-4ECF-8974-EEC7F9472CB8}.Release|x64.Build.0 = Release|x64
		{8FB34162-E5FC-4ECF-8974-EEC7F9472CB8}.Release|x64.Deploy.0 = Release|x64
		{8FB34162-E5FC-4ECF-8974-EEC7F9472CB8}.Release|x86.ActiveCfg = Release|x86
		{8FB34162-E5FC-4ECF-8974-EEC7F9472CB8}.Release|x86.Build.0 = Release|x86
		{8FB34162-E5FC-4ECF-8974-EEC7F9472CB8}.Release|x86.Deploy.0 = Release|x86
		{A6EFC40E-18B6-4FB9-867A-273929AA2C19}.Debug|Any CPU.ActiveCfg = Debug|Any CPU
		{A6EFC40E-18B6-4FB9-867A-273929AA2C19}.Debug|Any CPU.Build.0 = Debug|Any CPU
		{A6EFC40E-18B6-4FB9-867A-273929AA2C19}.Debug|ARM.ActiveCfg = Debug|Any CPU
		{A6EFC40E-18B6-4FB9-867A-273929AA2C19}.Debug|ARM.Build.0 = Debug|Any CPU
		{A6EFC40E-18B6-4FB9-867A-273929AA2C19}.Debug|x64.ActiveCfg = Debug|Any CPU
		{A6EFC40E-18B6-4FB9-867A-273929AA2C19}.Debug|x64.Build.0 = Debug|Any CPU
		{A6EFC40E-18B6-4FB9-867A-273929AA2C19}.Debug|x86.ActiveCfg = Debug|Any CPU
		{A6EFC40E-18B6-4FB9-867A-273929AA2C19}.Debug|x86.Build.0 = Debug|Any CPU
		{A6EFC40E-18B6-4FB9-867A-273929AA2C19}.Release|Any CPU.ActiveCfg = Release|Any CPU
		{A6EFC40E-18B6-4FB9-867A-273929AA2C19}.Release|Any CPU.Build.0 = Release|Any CPU
		{A6EFC40E-18B6-4FB9-867A-273929AA2C19}.Release|ARM.ActiveCfg = Release|Any CPU
		{A6EFC40E-18B6-4FB9-867A-273929AA2C19}.Release|ARM.Build.0 = Release|Any CPU
		{A6EFC40E-18B6-4FB9-867A-273929AA2C19}.Release|x64.ActiveCfg = Release|Any CPU
		{A6EFC40E-18B6-4FB9-867A-273929AA2C19}.Release|x64.Build.0 = Release|Any CPU
		{A6EFC40E-18B6-4FB9-867A-273929AA2C19}.Release|x86.ActiveCfg = Release|Any CPU
		{A6EFC40E-18B6-4FB9-867A-273929AA2C19}.Release|x86.Build.0 = Release|Any CPU
		{F7734F5F-B8EE-4692-A997-811F355DBDAF}.Debug|Any CPU.ActiveCfg = Debug|Any CPU
		{F7734F5F-B8EE-4692-A997-811F355DBDAF}.Debug|Any CPU.Build.0 = Debug|Any CPU
		{F7734F5F-B8EE-4692-A997-811F355DBDAF}.Debug|ARM.ActiveCfg = Debug|Any CPU
		{F7734F5F-B8EE-4692-A997-811F355DBDAF}.Debug|ARM.Build.0 = Debug|Any CPU
		{F7734F5F-B8EE-4692-A997-811F355DBDAF}.Debug|x64.ActiveCfg = Debug|Any CPU
		{F7734F5F-B8EE-4692-A997-811F355DBDAF}.Debug|x64.Build.0 = Debug|Any CPU
		{F7734F5F-B8EE-4692-A997-811F355DBDAF}.Debug|x86.ActiveCfg = Debug|Any CPU
		{F7734F5F-B8EE-4692-A997-811F355DBDAF}.Debug|x86.Build.0 = Debug|Any CPU
		{F7734F5F-B8EE-4692-A997-811F355DBDAF}.Release|Any CPU.ActiveCfg = Release|Any CPU
		{F7734F5F-B8EE-4692-A997-811F355DBDAF}.Release|Any CPU.Build.0 = Release|Any CPU
		{F7734F5F-B8EE-4692-A997-811F355DBDAF}.Release|ARM.ActiveCfg = Release|Any CPU
		{F7734F5F-B8EE-4692-A997-811F355DBDAF}.Release|ARM.Build.0 = Release|Any CPU
		{F7734F5F-B8EE-4692-A997-811F355DBDAF}.Release|x64.ActiveCfg = Release|Any CPU
		{F7734F5F-B8EE-4692-A997-811F355DBDAF}.Release|x64.Build.0 = Release|Any CPU
		{F7734F5F-B8EE-4692-A997-811F355DBDAF}.Release|x86.ActiveCfg = Release|Any CPU
		{F7734F5F-B8EE-4692-A997-811F355DBDAF}.Release|x86.Build.0 = Release|Any CPU
	EndGlobalSection
	GlobalSection(SolutionProperties) = preSolution
		HideSolutionNode = FALSE
	EndGlobalSection
	GlobalSection(NestedProjects) = preSolution
		{51C78C27-A343-4249-9E49-85075275E524} = {1637135A-012A-44B3-98D7-EAAD626885E8}
		{E033D054-D96D-4AB1-9978-0D1BF9AF14AA} = {DC51A4F9-7B8D-4963-A3D8-0AC26C2EE45B}
		{7EA89DB9-E4DC-417B-B263-F9395B36C40B} = {AD151440-887B-4C71-9D48-26CBED3CC24E}
		{B8AE683D-EDB7-4BBD-8303-B1335E608071} = {FC22A2DE-CD20-4F1B-AF72-941C5D0AEC23}
		{22BF5BD8-FB78-4B27-8D0D-6D5FA0FBBF2B} = {CCF9C88B-41AB-4377-906A-AB195C96304D}
		{A6EFC40E-18B6-4FB9-867A-273929AA2C19} = {2AECCCC7-A6CF-43AD-8837-F9CDD8FAF29C}
		{F7734F5F-B8EE-4692-A997-811F355DBDAF} = {7F6624FC-8AF8-4E35-A176-826C984A2A57}
		{EB27A1A6-3D9E-442B-9ACF-7A221697C944} = {FC22A2DE-CD20-4F1B-AF72-941C5D0AEC23}
		{AAF4CDE6-6B6C-40AF-B272-41CE63BF21C9} = {FC22A2DE-CD20-4F1B-AF72-941C5D0AEC23}
	EndGlobalSection
EndGlobal
